<?xml version="1.0" encoding="UTF-8"?>
<CodeBlocks_project_file>
	<FileVersion major="1" minor="6"/>
	<Project>
		<Option title="cw2"/>
		<Option makefile_is_custom="1"/>
		<Option compiler="gcc"/>
		<Option virtualFolders="CMake Files\;CMake Files\..\;CMake Files\..\..\;CMake Files\..\..\anaconda3\;CMake Files\..\..\anaconda3\lib\;CMake Files\..\..\anaconda3\lib\cmake\;CMake Files\..\..\anaconda3\lib\cmake\Qt5\;CMake Files\..\..\anaconda3\lib\cmake\Qt5Widgets\;CMake Files\..\..\anaconda3\lib\cmake\Qt5Gui\;CMake Files\..\..\anaconda3\lib\cmake\Qt5Core\;CMake Files\..\..\anaconda3\lib\cmake\Qt5Multimedia\;CMake Files\..\..\anaconda3\lib\cmake\Qt5Network\;CMake Files\..\..\anaconda3\lib\cmake\Qt5MultimediaWidgets\;CMake Files\..\..\anaconda3\lib\cmake\Qt5Xml\;"/>
		<Build>
			<Target title="all">
				<Option working_dir="/home/twak/code/cw2"/>
				<Option type="4"/>
				<MakeCommands>
					<Build command="/usr/bin/make -f &quot;/home/twak/code/cw2/Makefile&quot;  VERBOSE=1 all"/>
					<CompileFile command="/usr/bin/make -f &quot;/home/twak/code/cw2/Makefile&quot;  VERBOSE=1 &quot;$file&quot;"/>
					<Clean command="/usr/bin/make -f &quot;/home/twak/code/cw2/Makefile&quot;  VERBOSE=1 clean"/>
					<DistClean command="/usr/bin/make -f &quot;/home/twak/code/cw2/Makefile&quot;  VERBOSE=1 clean"/>
				</MakeCommands>
			</Target>
			<Target title="rebuild_cache">
				<Option working_dir="/home/twak/code/cw2"/>
				<Option type="4"/>
				<MakeCommands>
					<Build command="/usr/bin/make -f &quot;/home/twak/code/cw2/Makefile&quot;  VERBOSE=1 rebuild_cache"/>
					<CompileFile command="/usr/bin/make -f &quot;/home/twak/code/cw2/Makefile&quot;  VERBOSE=1 &quot;$file&quot;"/>
					<Clean command="/usr/bin/make -f &quot;/home/twak/code/cw2/Makefile&quot;  VERBOSE=1 clean"/>
					<DistClean command="/usr/bin/make -f &quot;/home/twak/code/cw2/Makefile&quot;  VERBOSE=1 clean"/>
				</MakeCommands>
			</Target>
			<Target title="cw2">
				<Option output="/home/twak/code/cw2/cw2" prefix_auto="0" extension_auto="0"/>
				<Option working_dir="/home/twak/code/cw2"/>
				<Option object_output="./"/>
				<Option type="1"/>
				<Option compiler="gcc"/>
				<Compiler>
					<Add option="-DQT_WIDGETS_LIB"/>
					<Add option="-DQT_GUI_LIB"/>
					<Add option="-DQT_CORE_LIB"/>
					<Add option="-DQT_MULTIMEDIA_LIB"/>
					<Add option="-DQT_NETWORK_LIB"/>
					<Add option="-DQT_MULTIMEDIAWIDGETS_LIB"/>
					<Add option="-DQT_XML_LIB"/>
					<Add directory="/home/twak/code/cw2/cw2_autogen/include"/>
					<Add directory="/home/twak/code/cw2"/>
					<Add directory="/home/twak/anaconda3/include/qt"/>
					<Add directory="/home/twak/anaconda3/include/qt/QtWidgets"/>
					<Add directory="/home/twak/anaconda3/include/qt/QtGui"/>
					<Add directory="/home/twak/anaconda3/include/qt/QtCore"/>
					<Add directory="/home/twak/anaconda3/./mkspecs/linux-g++"/>
					<Add directory="/home/twak/anaconda3/include/qt/QtMultimedia"/>
					<Add directory="/home/twak/anaconda3/include/qt/QtNetwork"/>
					<Add directory="/home/twak/anaconda3/include/qt/QtMultimediaWidgets"/>
					<Add directory="/home/twak/anaconda3/include/qt/QtXml"/>
				</Compiler>
				<MakeCommands>
					<Build command="/usr/bin/make -f &quot;/home/twak/code/cw2/Makefile&quot;  VERBOSE=1 cw2"/>
					<CompileFile command="/usr/bin/make -f &quot;/home/twak/code/cw2/Makefile&quot;  VERBOSE=1 &quot;$file&quot;"/>
					<Clean command="/usr/bin/make -f &quot;/home/twak/code/cw2/Makefile&quot;  VERBOSE=1 clean"/>
					<DistClean command="/usr/bin/make -f &quot;/home/twak/code/cw2/Makefile&quot;  VERBOSE=1 clean"/>
				</MakeCommands>
			</Target>
			<Target title="cw2/fast">
				<Option output="/home/twak/code/cw2/cw2" prefix_auto="0" extension_auto="0"/>
				<Option working_dir="/home/twak/code/cw2"/>
				<Option object_output="./"/>
				<Option type="1"/>
				<Option compiler="gcc"/>
				<Compiler>
					<Add option="-DQT_WIDGETS_LIB"/>
					<Add option="-DQT_GUI_LIB"/>
					<Add option="-DQT_CORE_LIB"/>
					<Add option="-DQT_MULTIMEDIA_LIB"/>
					<Add option="-DQT_NETWORK_LIB"/>
					<Add option="-DQT_MULTIMEDIAWIDGETS_LIB"/>
					<Add option="-DQT_XML_LIB"/>
					<Add directory="/home/twak/code/cw2/cw2_autogen/include"/>
					<Add directory="/home/twak/code/cw2"/>
					<Add directory="/home/twak/anaconda3/include/qt"/>
					<Add directory="/home/twak/anaconda3/include/qt/QtWidgets"/>
					<Add directory="/home/twak/anaconda3/include/qt/QtGui"/>
					<Add directory="/home/twak/anaconda3/include/qt/QtCore"/>
					<Add directory="/home/twak/anaconda3/./mkspecs/linux-g++"/>
					<Add directory="/home/twak/anaconda3/include/qt/QtMultimedia"/>
					<Add directory="/home/twak/anaconda3/include/qt/QtNetwork"/>
					<Add directory="/home/twak/anaconda3/include/qt/QtMultimediaWidgets"/>
					<Add directory="/home/twak/anaconda3/include/qt/QtXml"/>
				</Compiler>
				<MakeCommands>
					<Build command="/usr/bin/make -f &quot;/home/twak/code/cw2/Makefile&quot;  VERBOSE=1 cw2/fast"/>
					<CompileFile command="/usr/bin/make -f &quot;/home/twak/code/cw2/Makefile&quot;  VERBOSE=1 &quot;$file&quot;"/>
					<Clean command="/usr/bin/make -f &quot;/home/twak/code/cw2/Makefile&quot;  VERBOSE=1 clean"/>
					<DistClean command="/usr/bin/make -f &quot;/home/twak/code/cw2/Makefile&quot;  VERBOSE=1 clean"/>
				</MakeCommands>
			</Target>
			<Target title="edit_cache">
				<Option working_dir="/home/twak/code/cw2"/>
				<Option type="4"/>
				<MakeCommands>
					<Build command="/usr/bin/make -f &quot;/home/twak/code/cw2/Makefile&quot;  VERBOSE=1 edit_cache"/>
					<CompileFile command="/usr/bin/make -f &quot;/home/twak/code/cw2/Makefile&quot;  VERBOSE=1 &quot;$file&quot;"/>
					<Clean command="/usr/bin/make -f &quot;/home/twak/code/cw2/Makefile&quot;  VERBOSE=1 clean"/>
					<DistClean command="/usr/bin/make -f &quot;/home/twak/code/cw2/Makefile&quot;  VERBOSE=1 clean"/>
				</MakeCommands>
			</Target>
			<Target title="cw2_autogen">
				<Option working_dir="/home/twak/code/cw2"/>
				<Option type="4"/>
				<MakeCommands>
					<Build command="/usr/bin/make -f &quot;/home/twak/code/cw2/Makefile&quot;  VERBOSE=1 cw2_autogen"/>
					<CompileFile command="/usr/bin/make -f &quot;/home/twak/code/cw2/Makefile&quot;  VERBOSE=1 &quot;$file&quot;"/>
					<Clean command="/usr/bin/make -f &quot;/home/twak/code/cw2/Makefile&quot;  VERBOSE=1 clean"/>
					<DistClean command="/usr/bin/make -f &quot;/home/twak/code/cw2/Makefile&quot;  VERBOSE=1 clean"/>
				</MakeCommands>
			</Target>
		</Build>
		<Unit filename="/home/twak/code/cw2/cw2_autogen/mocs_compilation.cpp">
			<Option target="cw2"/>
		</Unit>
		<Unit filename="/home/twak/code/cw2/responsive_label.cpp">
			<Option target="cw2"/>
		</Unit>
		<Unit filename="/home/twak/code/cw2/responsive_label.h">
			<Option target="cw2"/>
		</Unit>
		<Unit filename="/home/twak/code/cw2/responsive_layout.cpp">
			<Option target="cw2"/>
		</Unit>
		<Unit filename="/home/twak/code/cw2/responsive_layout.h">
			<Option target="cw2"/>
		</Unit>
		<Unit filename="/home/twak/code/cw2/responsive_window.cpp">
			<Option target="cw2"/>
		</Unit>
		<Unit filename="/home/twak/code/cw2/responsive_window.h">
			<Option target="cw2"/>
		</Unit>
		<Unit filename="/home/twak/code/cw2/screenshot.cpp">
			<Option target="cw2"/>
		</Unit>
		<Unit filename="/home/twak/code/cw2/screenshot.h">
			<Option target="cw2"/>
		</Unit>
		<Unit filename="/home/twak/code/cw2/CMakeLists.txt">
			<Option virtualFolder="CMake Files\"/>
		</Unit>
		<Unit filename="/home/twak/code/cw2/../../anaconda3/lib/cmake/Qt5/Qt5Config.cmake">
			<Option virtualFolder="CMake Files\..\..\anaconda3\lib\cmake\Qt5\"/>
		</Unit>
		<Unit filename="/home/twak/code/cw2/../../anaconda3/lib/cmake/Qt5/Qt5ConfigVersion.cmake">
			<Option virtualFolder="CMake Files\..\..\anaconda3\lib\cmake\Qt5\"/>
		</Unit>
		<Unit filename="/home/twak/code/cw2/../../anaconda3/lib/cmake/Qt5/Qt5ModuleLocation.cmake">
			<Option virtualFolder="CMake Files\..\..\anaconda3\lib\cmake\Qt5\"/>
		</Unit>
		<Unit filename="/home/twak/code/cw2/../../anaconda3/lib/cmake/Qt5Widgets/Qt5WidgetsConfig.cmake">
			<Option virtualFolder="CMake Files\..\..\anaconda3\lib\cmake\Qt5Widgets\"/>
		</Unit>
		<Unit filename="/home/twak/code/cw2/../../anaconda3/lib/cmake/Qt5Widgets/Qt5WidgetsConfigExtras.cmake">
			<Option virtualFolder="CMake Files\..\..\anaconda3\lib\cmake\Qt5Widgets\"/>
		</Unit>
		<Unit filename="/home/twak/code/cw2/../../anaconda3/lib/cmake/Qt5Widgets/Qt5WidgetsConfigVersion.cmake">
			<Option virtualFolder="CMake Files\..\..\anaconda3\lib\cmake\Qt5Widgets\"/>
		</Unit>
		<Unit filename="/home/twak/code/cw2/../../anaconda3/lib/cmake/Qt5Widgets/Qt5WidgetsMacros.cmake">
			<Option virtualFolder="CMake Files\..\..\anaconda3\lib\cmake\Qt5Widgets\"/>
		</Unit>
		<Unit filename="/home/twak/code/cw2/../../anaconda3/lib/cmake/Qt5Gui/Qt5GuiConfig.cmake">
			<Option virtualFolder="CMake Files\..\..\anaconda3\lib\cmake\Qt5Gui\"/>
		</Unit>
		<Unit filename="/home/twak/code/cw2/../../anaconda3/lib/cmake/Qt5Gui/Qt5GuiConfigExtras.cmake">
			<Option virtualFolder="CMake Files\..\..\anaconda3\lib\cmake\Qt5Gui\"/>
		</Unit>
		<Unit filename="/home/twak/code/cw2/../../anaconda3/lib/cmake/Qt5Gui/Qt5GuiConfigVersion.cmake">
			<Option virtualFolder="CMake Files\..\..\anaconda3\lib\cmake\Qt5Gui\"/>
		</Unit>
		<Unit filename="/home/twak/code/cw2/../../anaconda3/lib/cmake/Qt5Gui/Qt5Gui_QComposePlatformInputContextPlugin.cmake">
			<Option virtualFolder="CMake Files\..\..\anaconda3\lib\cmake\Qt5Gui\"/>
		</Unit>
		<Unit filename="/home/twak/code/cw2/../../anaconda3/lib/cmake/Qt5Gui/Qt5Gui_QEglFSEmulatorIntegrationPlugin.cmake">
			<Option virtualFolder="CMake Files\..\..\anaconda3\lib\cmake\Qt5Gui\"/>
		</Unit>
		<Unit filename="/home/twak/code/cw2/../../anaconda3/lib/cmake/Qt5Gui/Qt5Gui_QEglFSIntegrationPlugin.cmake">
			<Option virtualFolder="CMake Files\..\..\anaconda3\lib\cmake\Qt5Gui\"/>
		</Unit>
		<Unit filename="/home/twak/code/cw2/../../anaconda3/lib/cmake/Qt5Gui/Qt5Gui_QEglFSX11IntegrationPlugin.cmake">
			<Option virtualFolder="CMake Files\..\..\anaconda3\lib\cmake\Qt5Gui\"/>
		</Unit>
		<Unit filename="/home/twak/code/cw2/../../anaconda3/lib/cmake/Qt5Gui/Qt5Gui_QEvdevKeyboardPlugin.cmake">
			<Option virtualFolder="CMake Files\..\..\anaconda3\lib\cmake\Qt5Gui\"/>
		</Unit>
		<Unit filename="/home/twak/code/cw2/../../anaconda3/lib/cmake/Qt5Gui/Qt5Gui_QEvdevMousePlugin.cmake">
			<Option virtualFolder="CMake Files\..\..\anaconda3\lib\cmake\Qt5Gui\"/>
		</Unit>
		<Unit filename="/home/twak/code/cw2/../../anaconda3/lib/cmake/Qt5Gui/Qt5Gui_QEvdevTabletPlugin.cmake">
			<Option virtualFolder="CMake Files\..\..\anaconda3\lib\cmake\Qt5Gui\"/>
		</Unit>
		<Unit filename="/home/twak/code/cw2/../../anaconda3/lib/cmake/Qt5Gui/Qt5Gui_QEvdevTouchScreenPlugin.cmake">
			<Option virtualFolder="CMake Files\..\..\anaconda3\lib\cmake\Qt5Gui\"/>
		</Unit>
		<Unit filename="/home/twak/code/cw2/../../anaconda3/lib/cmake/Qt5Gui/Qt5Gui_QGifPlugin.cmake">
			<Option virtualFolder="CMake Files\..\..\anaconda3\lib\cmake\Qt5Gui\"/>
		</Unit>
		<Unit filename="/home/twak/code/cw2/../../anaconda3/lib/cmake/Qt5Gui/Qt5Gui_QICNSPlugin.cmake">
			<Option virtualFolder="CMake Files\..\..\anaconda3\lib\cmake\Qt5Gui\"/>
		</Unit>
		<Unit filename="/home/twak/code/cw2/../../anaconda3/lib/cmake/Qt5Gui/Qt5Gui_QICOPlugin.cmake">
			<Option virtualFolder="CMake Files\..\..\anaconda3\lib\cmake\Qt5Gui\"/>
		</Unit>
		<Unit filename="/home/twak/code/cw2/../../anaconda3/lib/cmake/Qt5Gui/Qt5Gui_QIbusPlatformInputContextPlugin.cmake">
			<Option virtualFolder="CMake Files\..\..\anaconda3\lib\cmake\Qt5Gui\"/>
		</Unit>
		<Unit filename="/home/twak/code/cw2/../../anaconda3/lib/cmake/Qt5Gui/Qt5Gui_QJpegPlugin.cmake">
			<Option virtualFolder="CMake Files\..\..\anaconda3\lib\cmake\Qt5Gui\"/>
		</Unit>
		<Unit filename="/home/twak/code/cw2/../../anaconda3/lib/cmake/Qt5Gui/Qt5Gui_QMinimalEglIntegrationPlugin.cmake">
			<Option virtualFolder="CMake Files\..\..\anaconda3\lib\cmake\Qt5Gui\"/>
		</Unit>
		<Unit filename="/home/twak/code/cw2/../../anaconda3/lib/cmake/Qt5Gui/Qt5Gui_QMinimalIntegrationPlugin.cmake">
			<Option virtualFolder="CMake Files\..\..\anaconda3\lib\cmake\Qt5Gui\"/>
		</Unit>
		<Unit filename="/home/twak/code/cw2/../../anaconda3/lib/cmake/Qt5Gui/Qt5Gui_QOffscreenIntegrationPlugin.cmake">
			<Option virtualFolder="CMake Files\..\..\anaconda3\lib\cmake\Qt5Gui\"/>
		</Unit>
		<Unit filename="/home/twak/code/cw2/../../anaconda3/lib/cmake/Qt5Gui/Qt5Gui_QTgaPlugin.cmake">
			<Option virtualFolder="CMake Files\..\..\anaconda3\lib\cmake\Qt5Gui\"/>
		</Unit>
		<Unit filename="/home/twak/code/cw2/../../anaconda3/lib/cmake/Qt5Gui/Qt5Gui_QTiffPlugin.cmake">
			<Option virtualFolder="CMake Files\..\..\anaconda3\lib\cmake\Qt5Gui\"/>
		</Unit>
		<Unit filename="/home/twak/code/cw2/../../anaconda3/lib/cmake/Qt5Gui/Qt5Gui_QTuioTouchPlugin.cmake">
			<Option virtualFolder="CMake Files\..\..\anaconda3\lib\cmake\Qt5Gui\"/>
		</Unit>
		<Unit filename="/home/twak/code/cw2/../../anaconda3/lib/cmake/Qt5Gui/Qt5Gui_QVirtualKeyboardPlugin.cmake">
			<Option virtualFolder="CMake Files\..\..\anaconda3\lib\cmake\Qt5Gui\"/>
		</Unit>
		<Unit filename="/home/twak/code/cw2/../../anaconda3/lib/cmake/Qt5Gui/Qt5Gui_QVncIntegrationPlugin.cmake">
			<Option virtualFolder="CMake Files\..\..\anaconda3\lib\cmake\Qt5Gui\"/>
		</Unit>
		<Unit filename="/home/twak/code/cw2/../../anaconda3/lib/cmake/Qt5Gui/Qt5Gui_QWbmpPlugin.cmake">
			<Option virtualFolder="CMake Files\..\..\anaconda3\lib\cmake\Qt5Gui\"/>
		</Unit>
		<Unit filename="/home/twak/code/cw2/../../anaconda3/lib/cmake/Qt5Gui/Qt5Gui_QWebpPlugin.cmake">
			<Option virtualFolder="CMake Files\..\..\anaconda3\lib\cmake\Qt5Gui\"/>
		</Unit>
		<Unit filename="/home/twak/code/cw2/../../anaconda3/lib/cmake/Qt5Gui/Qt5Gui_QXcbEglIntegrationPlugin.cmake">
			<Option virtualFolder="CMake Files\..\..\anaconda3\lib\cmake\Qt5Gui\"/>
		</Unit>
		<Unit filename="/home/twak/code/cw2/../../anaconda3/lib/cmake/Qt5Gui/Qt5Gui_QXcbGlxIntegrationPlugin.cmake">
			<Option virtualFolder="CMake Files\..\..\anaconda3\lib\cmake\Qt5Gui\"/>
		</Unit>
		<Unit filename="/home/twak/code/cw2/../../anaconda3/lib/cmake/Qt5Gui/Qt5Gui_QXcbIntegrationPlugin.cmake">
			<Option virtualFolder="CMake Files\..\..\anaconda3\lib\cmake\Qt5Gui\"/>
		</Unit>
		<Unit filename="/home/twak/code/cw2/../../anaconda3/lib/cmake/Qt5Core/Qt5CoreConfig.cmake">
			<Option virtualFolder="CMake Files\..\..\anaconda3\lib\cmake\Qt5Core\"/>
		</Unit>
		<Unit filename="/home/twak/code/cw2/../../anaconda3/lib/cmake/Qt5Core/Qt5CoreConfigExtras.cmake">
			<Option virtualFolder="CMake Files\..\..\anaconda3\lib\cmake\Qt5Core\"/>
		</Unit>
		<Unit filename="/home/twak/code/cw2/../../anaconda3/lib/cmake/Qt5Core/Qt5CoreConfigExtrasMkspecDir.cmake">
			<Option virtualFolder="CMake Files\..\..\anaconda3\lib\cmake\Qt5Core\"/>
		</Unit>
		<Unit filename="/home/twak/code/cw2/../../anaconda3/lib/cmake/Qt5Core/Qt5CoreConfigVersion.cmake">
			<Option virtualFolder="CMake Files\..\..\anaconda3\lib\cmake\Qt5Core\"/>
		</Unit>
		<Unit filename="/home/twak/code/cw2/../../anaconda3/lib/cmake/Qt5Core/Qt5CoreMacros.cmake">
			<Option virtualFolder="CMake Files\..\..\anaconda3\lib\cmake\Qt5Core\"/>
		</Unit>
		<Unit filename="/home/twak/code/cw2/../../anaconda3/lib/cmake/Qt5Multimedia/Qt5MultimediaConfig.cmake">
			<Option virtualFolder="CMake Files\..\..\anaconda3\lib\cmake\Qt5Multimedia\"/>
		</Unit>
		<Unit filename="/home/twak/code/cw2/../../anaconda3/lib/cmake/Qt5Multimedia/Qt5MultimediaConfigVersion.cmake">
			<Option virtualFolder="CMake Files\..\..\anaconda3\lib\cmake\Qt5Multimedia\"/>
		</Unit>
		<Unit filename="/home/twak/code/cw2/../../anaconda3/lib/cmake/Qt5Multimedia/Qt5Multimedia_CameraBinServicePlugin.cmake">
			<Option virtualFolder="CMake Files\..\..\anaconda3\lib\cmake\Qt5Multimedia\"/>
		</Unit>
		<Unit filename="/home/twak/code/cw2/../../anaconda3/lib/cmake/Qt5Multimedia/Qt5Multimedia_QAlsaPlugin.cmake">
			<Option virtualFolder="CMake Files\..\..\anaconda3\lib\cmake\Qt5Multimedia\"/>
		</Unit>
		<Unit filename="/home/twak/code/cw2/../../anaconda3/lib/cmake/Qt5Multimedia/Qt5Multimedia_QGstreamerAudioDecoderServicePlugin.cmake">
			<Option virtualFolder="CMake Files\..\..\anaconda3\lib\cmake\Qt5Multimedia\"/>
		</Unit>
		<Unit filename="/home/twak/code/cw2/../../anaconda3/lib/cmake/Qt5Multimedia/Qt5Multimedia_QGstreamerCaptureServicePlugin.cmake">
			<Option virtualFolder="CMake Files\..\..\anaconda3\lib\cmake\Qt5Multimedia\"/>
		</Unit>
		<Unit filename="/home/twak/code/cw2/../../anaconda3/lib/cmake/Qt5Multimedia/Qt5Multimedia_QGstreamerPlayerServicePlugin.cmake">
			<Option virtualFolder="CMake Files\..\..\anaconda3\lib\cmake\Qt5Multimedia\"/>
		</Unit>
		<Unit filename="/home/twak/code/cw2/../../anaconda3/lib/cmake/Qt5Multimedia/Qt5Multimedia_QM3uPlaylistPlugin.cmake">
			<Option virtualFolder="CMake Files\..\..\anaconda3\lib\cmake\Qt5Multimedia\"/>
		</Unit>
		<Unit filename="/home/twak/code/cw2/../../anaconda3/lib/cmake/Qt5Network/Qt5NetworkConfig.cmake">
			<Option virtualFolder="CMake Files\..\..\anaconda3\lib\cmake\Qt5Network\"/>
		</Unit>
		<Unit filename="/home/twak/code/cw2/../../anaconda3/lib/cmake/Qt5Network/Qt5NetworkConfigVersion.cmake">
			<Option virtualFolder="CMake Files\..\..\anaconda3\lib\cmake\Qt5Network\"/>
		</Unit>
		<Unit filename="/home/twak/code/cw2/../../anaconda3/lib/cmake/Qt5Network/Qt5Network_QConnmanEnginePlugin.cmake">
			<Option virtualFolder="CMake Files\..\..\anaconda3\lib\cmake\Qt5Network\"/>
		</Unit>
		<Unit filename="/home/twak/code/cw2/../../anaconda3/lib/cmake/Qt5Network/Qt5Network_QGenericEnginePlugin.cmake">
			<Option virtualFolder="CMake Files\..\..\anaconda3\lib\cmake\Qt5Network\"/>
		</Unit>
		<Unit filename="/home/twak/code/cw2/../../anaconda3/lib/cmake/Qt5Network/Qt5Network_QNetworkManagerEnginePlugin.cmake">
			<Option virtualFolder="CMake Files\..\..\anaconda3\lib\cmake\Qt5Network\"/>
		</Unit>
		<Unit filename="/home/twak/code/cw2/../../anaconda3/lib/cmake/Qt5MultimediaWidgets/Qt5MultimediaWidgetsConfig.cmake">
			<Option virtualFolder="CMake Files\..\..\anaconda3\lib\cmake\Qt5MultimediaWidgets\"/>
		</Unit>
		<Unit filename="/home/twak/code/cw2/../../anaconda3/lib/cmake/Qt5MultimediaWidgets/Qt5MultimediaWidgetsConfigVersion.cmake">
			<Option virtualFolder="CMake Files\..\..\anaconda3\lib\cmake\Qt5MultimediaWidgets\"/>
		</Unit>
		<Unit filename="/home/twak/code/cw2/../../anaconda3/lib/cmake/Qt5Xml/Qt5XmlConfig.cmake">
			<Option virtualFolder="CMake Files\..\..\anaconda3\lib\cmake\Qt5Xml\"/>
		</Unit>
		<Unit filename="/home/twak/code/cw2/../../anaconda3/lib/cmake/Qt5Xml/Qt5XmlConfigVersion.cmake">
			<Option virtualFolder="CMake Files\..\..\anaconda3\lib\cmake\Qt5Xml\"/>
		</Unit>
	</Project>
</CodeBlocks_project_file>
